
Microsoft Visual Studio Solution File, Format Version 12.00
# Visual Studio Version 16
VisualStudioVersion = 16.0.30413.136
MinimumVisualStudioVersion = 10.0.40219.1
Project("{FAE04EC0-301F-11D3-BF4B-00C04F79EFBC}") = "GraphDesigner", "GraphDesigner\GraphDesigner.csproj", "{F13C6E45-6A43-4160-9686-3C7C765726A4}"
EndProject
Global
	GlobalSection(SolutionConfigurationPlatforms) = preSolution
		Debug|Any CPU = Debug|Any CPU
		Release|Any CPU = Release|Any CPU
	EndGlobalSection
	GlobalSection(ProjectConfigurationPlatforms) = postSolution
		{F13C6E45-6A43-4160-9686-3C7C765726A4}.Debug|Any CPU.ActiveCfg = Debug|Any CPU
		{F13C6E45-6A43-4160-9686-3C7C765726A4}.Debug|Any CPU.Build.0 = Debug|Any CPU
		{F13C6E45-6A43-4160-9686-3C7C765726A4}.Release|Any CPU.ActiveCfg = Release|Any CPU
		{F13C6E45-6A43-4160-9686-3C7C765726A4}.Release|Any CPU.Build.0 = Release|Any CPU
	EndGlobalSection
	GlobalSection(SolutionProperties) = preSolution
		HideSolutionNode = FALSE
	EndGlobalSection
	GlobalSection(ExtensibilityGlobals) = postSolution
		SolutionGuid = {BF411F0B-F9C6-4897-8FC8-B633464860AC}
	EndGlobalSection
EndGlobal
